
Microsoft Visual Studio Solution File, Format Version 12.00
# Visual Studio Version 17
VisualStudioVersion = 17.5.33530.505
MinimumVisualStudioVersion = 10.0.40219.1
Project("{FAE04EC0-301F-11D3-BF4B-00C04F79EFBC}") = "BancoPrestamos", "BancoPrestamos.csproj", "{D835ACD9-1AE8-405C-9C60-DE39547D8F5C}"
EndProject
Global
	GlobalSection(SolutionConfigurationPlatforms) = preSolution
		Debug|Any CPU = Debug|Any CPU
		Release|Any CPU = Release|Any CPU
	EndGlobalSection
	GlobalSection(ProjectConfigurationPlatforms) = postSolution
		{D835ACD9-1AE8-405C-9C60-DE39547D8F5C}.Debug|Any CPU.ActiveCfg = Debug|Any CPU
		{D835ACD9-1AE8-405C-9C60-DE39547D8F5C}.Debug|Any CPU.Build.0 = Debug|Any CPU
		{D835ACD9-1AE8-405C-9C60-DE39547D8F5C}.Release|Any CPU.ActiveCfg = Release|Any CPU
		{D835ACD9-1AE8-405C-9C60-DE39547D8F5C}.Release|Any CPU.Build.0 = Release|Any CPU
	EndGlobalSection
	GlobalSection(SolutionProperties) = preSolution
		HideSolutionNode = FALSE
	EndGlobalSection
	GlobalSection(ExtensibilityGlobals) = postSolution
		SolutionGuid = {BC204DFE-BE3E-47E2-A13E-4E02D7F5340F}
	EndGlobalSection
EndGlobal
